// !$*UTF8*$!
{
	archiveVersion = 1;
	classes = {
	};
	objectVersion = 55;
	objects = {

/* Begin PBXBuildFile section */
		1929B02C2BD833F9008D2015 /* CircleButtonView.swift in Sources */ = {isa = PBXBuildFile; fileRef = 1929B02B2BD833F9008D2015 /* CircleButtonView.swift */; };
		1929B02E2BD834C4008D2015 /* CircleButtonIcon.swift in Sources */ = {isa = PBXBuildFile; fileRef = 1929B02D2BD834C4008D2015 /* CircleButtonIcon.swift */; };
		1929B0362BD9110E008D2015 /* Result.swift in Sources */ = {isa = PBXBuildFile; fileRef = 1929B0352BD9110E008D2015 /* Result.swift */; };
		1929B0382BD92A71008D2015 /* ResultView.swift in Sources */ = {isa = PBXBuildFile; fileRef = 1929B0372BD92A71008D2015 /* ResultView.swift */; };
		1929B03A2BD930D7008D2015 /* SectionView.swift in Sources */ = {isa = PBXBuildFile; fileRef = 1929B0392BD930D7008D2015 /* SectionView.swift */; };
		1929B03C2BD975AD008D2015 /* BMIRatingMessage.swift in Sources */ = {isa = PBXBuildFile; fileRef = 1929B03B2BD975AD008D2015 /* BMIRatingMessage.swift */; };
		197FF33C2BDE884F00295A78 /* AboutAuthorView.swift in Sources */ = {isa = PBXBuildFile; fileRef = 197FF33B2BDE884F00295A78 /* AboutAuthorView.swift */; };
		197FF33E2BDEB98700295A78 /* DoubleExtension.swift in Sources */ = {isa = PBXBuildFile; fileRef = 197FF33D2BDEB98700295A78 /* DoubleExtension.swift */; };
		197FF3412BDEC8F800295A78 /* LICENSE.md in Resources */ = {isa = PBXBuildFile; fileRef = 197FF3402BDEC8F800295A78 /* LICENSE.md */; };
		197FF3462BDEC90700295A78 /* 2.png in Resources */ = {isa = PBXBuildFile; fileRef = 197FF3432BDEC90700295A78 /* 2.png */; };
		197FF3472BDEC90700295A78 /* 3.png in Resources */ = {isa = PBXBuildFile; fileRef = 197FF3442BDEC90700295A78 /* 3.png */; };
		197FF3482BDEC90700295A78 /* 1.png in Resources */ = {isa = PBXBuildFile; fileRef = 197FF3452BDEC90700295A78 /* 1.png */; };
		19B20B5F2BD7F94D0050BD5E /* BMI_CalculatorApp.swift in Sources */ = {isa = PBXBuildFile; fileRef = 19B20B5E2BD7F94D0050BD5E /* BMI_CalculatorApp.swift */; };
		19B20B612BD7F94D0050BD5E /* ContentView.swift in Sources */ = {isa = PBXBuildFile; fileRef = 19B20B602BD7F94D0050BD5E /* ContentView.swift */; };
		19B20B632BD7F94E0050BD5E /* Assets.xcassets in Resources */ = {isa = PBXBuildFile; fileRef = 19B20B622BD7F94E0050BD5E /* Assets.xcassets */; };
		19B20B662BD7F94E0050BD5E /* Preview Assets.xcassets in Resources */ = {isa = PBXBuildFile; fileRef = 19B20B652BD7F94E0050BD5E /* Preview Assets.xcassets */; };
		19B20B6D2BD7F9860050BD5E /* ContentViewModel.swift in Sources */ = {isa = PBXBuildFile; fileRef = 19B20B6C2BD7F9860050BD5E /* ContentViewModel.swift */; };
/* End PBXBuildFile section */

/* Begin PBXFileReference section */
		1929B02B2BD833F9008D2015 /* CircleButtonView.swift */ = {isa = PBXFileReference; lastKnownFileType = sourcecode.swift; path = CircleButtonView.swift; sourceTree = "<group>"; };
		1929B02D2BD834C4008D2015 /* CircleButtonIcon.swift */ = {isa = PBXFileReference; lastKnownFileType = sourcecode.swift; path = CircleButtonIcon.swift; sourceTree = "<group>"; };
		1929B0352BD9110E008D2015 /* Result.swift */ = {isa = PBXFileReference; lastKnownFileType = sourcecode.swift; path = Result.swift; sourceTree = "<group>"; };
		1929B0372BD92A71008D2015 /* ResultView.swift */ = {isa = PBXFileReference; lastKnownFileType = sourcecode.swift; path = ResultView.swift; sourceTree = "<group>"; };
		1929B0392BD930D7008D2015 /* SectionView.swift */ = {isa = PBXFileReference; lastKnownFileType = sourcecode.swift; path = SectionView.swift; sourceTree = "<group>"; };
		1929B03B2BD975AD008D2015 /* BMIRatingMessage.swift */ = {isa = PBXFileReference; lastKnownFileType = sourcecode.swift; path = BMIRatingMessage.swift; sourceTree = "<group>"; };
		197FF33A2BDE7DA100295A78 /* README.md */ = {isa = PBXFileReference; lastKnownFileType = net.daringfireball.markdown; path = README.md; sourceTree = "<group>"; };
		197FF33B2BDE884F00295A78 /* AboutAuthorView.swift */ = {isa = PBXFileReference; lastKnownFileType = sourcecode.swift; path = AboutAuthorView.swift; sourceTree = "<group>"; };
		197FF33D2BDEB98700295A78 /* DoubleExtension.swift */ = {isa = PBXFileReference; lastKnownFileType = sourcecode.swift; path = DoubleExtension.swift; sourceTree = "<group>"; };
		197FF3402BDEC8F800295A78 /* LICENSE.md */ = {isa = PBXFileReference; fileEncoding = 4; lastKnownFileType = net.daringfireball.markdown; path = LICENSE.md; sourceTree = "<group>"; };
		197FF3432BDEC90700295A78 /* 2.png */ = {isa = PBXFileReference; lastKnownFileType = image.png; path = 2.png; sourceTree = "<group>"; };
		197FF3442BDEC90700295A78 /* 3.png */ = {isa = PBXFileReference; lastKnownFileType = image.png; path = 3.png; sourceTree = "<group>"; };
		197FF3452BDEC90700295A78 /* 1.png */ = {isa = PBXFileReference; lastKnownFileType = image.png; path = 1.png; sourceTree = "<group>"; };
		19B20B5B2BD7F94D0050BD5E /* BMI Calculator.app */ = {isa = PBXFileReference; explicitFileType = wrapper.application; includeInIndex = 0; path = "BMI Calculator.app"; sourceTree = BUILT_PRODUCTS_DIR; };
		19B20B5E2BD7F94D0050BD5E /* BMI_CalculatorApp.swift */ = {isa = PBXFileReference; lastKnownFileType = sourcecode.swift; path = BMI_CalculatorApp.swift; sourceTree = "<group>"; };
		19B20B602BD7F94D0050BD5E /* ContentView.swift */ = {isa = PBXFileReference; lastKnownFileType = sourcecode.swift; path = ContentView.swift; sourceTree = "<group>"; };
		19B20B622BD7F94E0050BD5E /* Assets.xcassets */ = {isa = PBXFileReference; lastKnownFileType = folder.assetcatalog; path = Assets.xcassets; sourceTree = "<group>"; };
		19B20B652BD7F94E0050BD5E /* Preview Assets.xcassets */ = {isa = PBXFileReference; lastKnownFileType = folder.assetcatalog; path = "Preview Assets.xcassets"; sourceTree = "<group>"; };
		19B20B6C2BD7F9860050BD5E /* ContentViewModel.swift */ = {isa = PBXFileReference; lastKnownFileType = sourcecode.swift; path = ContentViewModel.swift; sourceTree = "<group>"; };
/* End PBXFileReference section */

/* Begin PBXFrameworksBuildPhase section */
		19B20B582BD7F94D0050BD5E /* Frameworks */ = {
			isa = PBXFrameworksBuildPhase;
			buildActionMask = 2147483647;
			files = (
			);
			runOnlyForDeploymentPostprocessing = 0;
		};
/* End PBXFrameworksBuildPhase section */

/* Begin PBXGroup section */
		1929B0232BD7FEB9008D2015 /* Types */ = {
			isa = PBXGroup;
			children = (
				1929B02D2BD834C4008D2015 /* CircleButtonIcon.swift */,
				1929B0352BD9110E008D2015 /* Result.swift */,
				1929B03B2BD975AD008D2015 /* BMIRatingMessage.swift */,
			);
			path = Types;
			sourceTree = "<group>";
		};
		1929B0262BD83251008D2015 /* Views */ = {
			isa = PBXGroup;
			children = (
				1929B02B2BD833F9008D2015 /* CircleButtonView.swift */,
				1929B0372BD92A71008D2015 /* ResultView.swift */,
				1929B0392BD930D7008D2015 /* SectionView.swift */,
				197FF33B2BDE884F00295A78 /* AboutAuthorView.swift */,
			);
			path = Views;
			sourceTree = "<group>";
		};
		197FF33F2BDEB98C00295A78 /* Extensions */ = {
			isa = PBXGroup;
			children = (
				197FF33D2BDEB98700295A78 /* DoubleExtension.swift */,
			);
			path = Extensions;
			sourceTree = "<group>";
		};
		197FF3422BDEC90700295A78 /* Screenshots */ = {
			isa = PBXGroup;
			children = (
				197FF3432BDEC90700295A78 /* 2.png */,
				197FF3442BDEC90700295A78 /* 3.png */,
				197FF3452BDEC90700295A78 /* 1.png */,
			);
			path = Screenshots;
			sourceTree = "<group>";
		};
		19B20B522BD7F94C0050BD5E = {
			isa = PBXGroup;
			children = (
				197FF3402BDEC8F800295A78 /* LICENSE.md */,
				197FF33A2BDE7DA100295A78 /* README.md */,
				19B20B5D2BD7F94D0050BD5E /* BMI Calculator */,
				197FF3422BDEC90700295A78 /* Screenshots */,
				19B20B5C2BD7F94D0050BD5E /* Products */,
			);
			sourceTree = "<group>";
		};
		19B20B5C2BD7F94D0050BD5E /* Products */ = {
			isa = PBXGroup;
			children = (
				19B20B5B2BD7F94D0050BD5E /* BMI Calculator.app */,
			);
			name = Products;
			sourceTree = "<group>";
		};
		19B20B5D2BD7F94D0050BD5E /* BMI Calculator */ = {
			isa = PBXGroup;
			children = (
				197FF33F2BDEB98C00295A78 /* Extensions */,
				1929B0262BD83251008D2015 /* Views */,
				1929B0232BD7FEB9008D2015 /* Types */,
				19B20B5E2BD7F94D0050BD5E /* BMI_CalculatorApp.swift */,
				19B20B602BD7F94D0050BD5E /* ContentView.swift */,
				19B20B6C2BD7F9860050BD5E /* ContentViewModel.swift */,
				19B20B622BD7F94E0050BD5E /* Assets.xcassets */,
				19B20B642BD7F94E0050BD5E /* Preview Content */,
			);
			path = "BMI Calculator";
			sourceTree = "<group>";
		};
		19B20B642BD7F94E0050BD5E /* Preview Content */ = {
			isa = PBXGroup;
			children = (
				19B20B652BD7F94E0050BD5E /* Preview Assets.xcassets */,
			);
			path = "Preview Content";
			sourceTree = "<group>";
		};
/* End PBXGroup section */

/* Begin PBXNativeTarget section */
		19B20B5A2BD7F94D0050BD5E /* BMI Calculator */ = {
			isa = PBXNativeTarget;
			buildConfigurationList = 19B20B692BD7F94E0050BD5E /* Build configuration list for PBXNativeTarget "BMI Calculator" */;
			buildPhases = (
				19B20B572BD7F94D0050BD5E /* Sources */,
				19B20B582BD7F94D0050BD5E /* Frameworks */,
				19B20B592BD7F94D0050BD5E /* Resources */,
			);
			buildRules = (
			);
			dependencies = (
			);
			name = "BMI Calculator";
			productName = "BMI Calculator";
			productReference = 19B20B5B2BD7F94D0050BD5E /* BMI Calculator.app */;
			productType = "com.apple.product-type.application";
		};
/* End PBXNativeTarget section */

/* Begin PBXProject section */
		19B20B532BD7F94C0050BD5E /* Project object */ = {
			isa = PBXProject;
			attributes = {
				BuildIndependentTargetsInParallel = 1;
				LastSwiftUpdateCheck = 1320;
				LastUpgradeCheck = 1320;
				TargetAttributes = {
					19B20B5A2BD7F94D0050BD5E = {
						CreatedOnToolsVersion = 13.2.1;
					};
				};
			};
			buildConfigurationList = 19B20B562BD7F94C0050BD5E /* Build configuration list for PBXProject "BMI Calculator" */;
			compatibilityVersion = "Xcode 13.0";
			developmentRegion = en;
			hasScannedForEncodings = 0;
			knownRegions = (
				en,
				Base,
			);
			mainGroup = 19B20B522BD7F94C0050BD5E;
			productRefGroup = 19B20B5C2BD7F94D0050BD5E /* Products */;
			projectDirPath = "";
			projectRoot = "";
			targets = (
				19B20B5A2BD7F94D0050BD5E /* BMI Calculator */,
			);
		};
/* End PBXProject section */

/* Begin PBXResourcesBuildPhase section */
		19B20B592BD7F94D0050BD5E /* Resources */ = {
			isa = PBXResourcesBuildPhase;
			buildActionMask = 2147483647;
			files = (
				197FF3472BDEC90700295A78 /* 3.png in Resources */,
				19B20B662BD7F94E0050BD5E /* Preview Assets.xcassets in Resources */,
				197FF3412BDEC8F800295A78 /* LICENSE.md in Resources */,
				197FF3482BDEC90700295A78 /* 1.png in Resources */,
				197FF3462BDEC90700295A78 /* 2.png in Resources */,
				19B20B632BD7F94E0050BD5E /* Assets.xcassets in Resources */,
			);
			runOnlyForDeploymentPostprocessing = 0;
		};
/* End PBXResourcesBuildPhase section */

/* Begin PBXSourcesBuildPhase section */
		19B20B572BD7F94D0050BD5E /* Sources */ = {
			isa = PBXSourcesBuildPhase;
			buildActionMask = 2147483647;
			files = (
				1929B02E2BD834C4008D2015 /* CircleButtonIcon.swift in Sources */,
				19B20B612BD7F94D0050BD5E /* ContentView.swift in Sources */,
				1929B03A2BD930D7008D2015 /* SectionView.swift in Sources */,
				197FF33E2BDEB98700295A78 /* DoubleExtension.swift in Sources */,
				1929B0382BD92A71008D2015 /* ResultView.swift in Sources */,
				19B20B5F2BD7F94D0050BD5E /* BMI_CalculatorApp.swift in Sources */,
				19B20B6D2BD7F9860050BD5E /* ContentViewModel.swift in Sources */,
				1929B02C2BD833F9008D2015 /* CircleButtonView.swift in Sources */,
				1929B0362BD9110E008D2015 /* Result.swift in Sources */,
				1929B03C2BD975AD008D2015 /* BMIRatingMessage.swift in Sources */,
				197FF33C2BDE884F00295A78 /* AboutAuthorView.swift in Sources */,
			);
			runOnlyForDeploymentPostprocessing = 0;
		};
/* End PBXSourcesBuildPhase section */

/* Begin XCBuildConfiguration section */
		19B20B672BD7F94E0050BD5E /* Debug */ = {
			isa = XCBuildConfiguration;
			buildSettings = {
				ALWAYS_SEARCH_USER_PATHS = NO;
				CLANG_ANALYZER_NONNULL = YES;
				CLANG_ANALYZER_NUMBER_OBJECT_CONVERSION = YES_AGGRESSIVE;
				CLANG_CXX_LANGUAGE_STANDARD = "gnu++17";
				CLANG_CXX_LIBRARY = "libc++";
				CLANG_ENABLE_MODULES = YES;
				CLANG_ENABLE_OBJC_ARC = YES;
				CLANG_ENABLE_OBJC_WEAK = YES;
				CLANG_WARN_BLOCK_CAPTURE_AUTORELEASING = YES;
				CLANG_WARN_BOOL_CONVERSION = YES;
				CLANG_WARN_COMMA = YES;
				CLANG_WARN_CONSTANT_CONVERSION = YES;
				CLANG_WARN_DEPRECATED_OBJC_IMPLEMENTATIONS = YES;
				CLANG_WARN_DIRECT_OBJC_ISA_USAGE = YES_ERROR;
				CLANG_WARN_DOCUMENTATION_COMMENTS = YES;
				CLANG_WARN_EMPTY_BODY = YES;
				CLANG_WARN_ENUM_CONVERSION = YES;
				CLANG_WARN_INFINITE_RECURSION = YES;
				CLANG_WARN_INT_CONVERSION = YES;
				CLANG_WARN_NON_LITERAL_NULL_CONVERSION = YES;
				CLANG_WARN_OBJC_IMPLICIT_RETAIN_SELF = YES;
				CLANG_WARN_OBJC_LITERAL_CONVERSION = YES;
				CLANG_WARN_OBJC_ROOT_CLASS = YES_ERROR;
				CLANG_WARN_QUOTED_INCLUDE_IN_FRAMEWORK_HEADER = YES;
				CLANG_WARN_RANGE_LOOP_ANALYSIS = YES;
				CLANG_WARN_STRICT_PROTOTYPES = YES;
				CLANG_WARN_SUSPICIOUS_MOVE = YES;
				CLANG_WARN_UNGUARDED_AVAILABILITY = YES_AGGRESSIVE;
				CLANG_WARN_UNREACHABLE_CODE = YES;
				CLANG_WARN__DUPLICATE_METHOD_MATCH = YES;
				COPY_PHASE_STRIP = NO;
				DEBUG_INFORMATION_FORMAT = dwarf;
				ENABLE_STRICT_OBJC_MSGSEND = YES;
				ENABLE_TESTABILITY = YES;
				GCC_C_LANGUAGE_STANDARD = gnu11;
				GCC_DYNAMIC_NO_PIC = NO;
				GCC_NO_COMMON_BLOCKS = YES;
				GCC_OPTIMIZATION_LEVEL = 0;
				GCC_PREPROCESSOR_DEFINITIONS = (
					"DEBUG=1",
					"$(inherited)",
				);
				GCC_WARN_64_TO_32_BIT_CONVERSION = YES;
				GCC_WARN_ABOUT_RETURN_TYPE = YES_ERROR;
				GCC_WARN_UNDECLARED_SELECTOR = YES;
				GCC_WARN_UNINITIALIZED_AUTOS = YES_AGGRESSIVE;
				GCC_WARN_UNUSED_FUNCTION = YES;
				GCC_WARN_UNUSED_VARIABLE = YES;
				IPHONEOS_DEPLOYMENT_TARGET = 15.2;
				MTL_ENABLE_DEBUG_INFO = INCLUDE_SOURCE;
				MTL_FAST_MATH = YES;
				ONLY_ACTIVE_ARCH = YES;
				SDKROOT = iphoneos;
				SWIFT_ACTIVE_COMPILATION_CONDITIONS = DEBUG;
				SWIFT_OPTIMIZATION_LEVEL = "-Onone";
			};
			name = Debug;
		};
		19B20B682BD7F94E0050BD5E /* Release */ = {
			isa = XCBuildConfiguration;
			buildSettings = {
				ALWAYS_SEARCH_USER_PATHS = NO;
				CLANG_ANALYZER_NONNULL = YES;
				CLANG_ANALYZER_NUMBER_OBJECT_CONVERSION = YES_AGGRESSIVE;
				CLANG_CXX_LANGUAGE_STANDARD = "gnu++17";
				CLANG_CXX_LIBRARY = "libc++";
				CLANG_ENABLE_MODULES = YES;
				CLANG_ENABLE_OBJC_ARC = YES;
				CLANG_ENABLE_OBJC_WEAK = YES;
				CLANG_WARN_BLOCK_CAPTURE_AUTORELEASING = YES;
				CLANG_WARN_BOOL_CONVERSION = YES;
				CLANG_WARN_COMMA = YES;
				CLANG_WARN_CONSTANT_CONVERSION = YES;
				CLANG_WARN_DEPRECATED_OBJC_IMPLEMENTATIONS = YES;
				CLANG_WARN_DIRECT_OBJC_ISA_USAGE = YES_ERROR;
				CLANG_WARN_DOCUMENTATION_COMMENTS = YES;
				CLANG_WARN_EMPTY_BODY = YES;
				CLANG_WARN_ENUM_CONVERSION = YES;
				CLANG_WARN_INFINITE_RECURSION = YES;
				CLANG_WARN_INT_CONVERSION = YES;
				CLANG_WARN_NON_LITERAL_NULL_CONVERSION = YES;
				CLANG_WARN_OBJC_IMPLICIT_RETAIN_SELF = YES;
				CLANG_WARN_OBJC_LITERAL_CONVERSION = YES;
				CLANG_WARN_OBJC_ROOT_CLASS = YES_ERROR;
				CLANG_WARN_QUOTED_INCLUDE_IN_FRAMEWORK_HEADER = YES;
				CLANG_WARN_RANGE_LOOP_ANALYSIS = YES;
				CLANG_WARN_STRICT_PROTOTYPES = YES;
				CLANG_WARN_SUSPICIOUS_MOVE = YES;
				CLANG_WARN_UNGUARDED_AVAILABILITY = YES_AGGRESSIVE;
				CLANG_WARN_UNREACHABLE_CODE = YES;
				CLANG_WARN__DUPLICATE_METHOD_MATCH = YES;
				COPY_PHASE_STRIP = NO;
				DEBUG_INFORMATION_FORMAT = "dwarf-with-dsym";
				ENABLE_NS_ASSERTIONS = NO;
				ENABLE_STRICT_OBJC_MSGSEND = YES;
				GCC_C_LANGUAGE_STANDARD = gnu11;
				GCC_NO_COMMON_BLOCKS = YES;
				GCC_WARN_64_TO_32_BIT_CONVERSION = YES;
				GCC_WARN_ABOUT_RETURN_TYPE = YES_ERROR;
				GCC_WARN_UNDECLARED_SELECTOR = YES;
				GCC_WARN_UNINITIALIZED_AUTOS = YES_AGGRESSIVE;
				GCC_WARN_UNUSED_FUNCTION = YES;
				GCC_WARN_UNUSED_VARIABLE = YES;
				IPHONEOS_DEPLOYMENT_TARGET = 15.2;
				MTL_ENABLE_DEBUG_INFO = NO;
				MTL_FAST_MATH = YES;
				SDKROOT = iphoneos;
				SWIFT_COMPILATION_MODE = wholemodule;
				SWIFT_OPTIMIZATION_LEVEL = "-O";
				VALIDATE_PRODUCT = YES;
			};
			name = Release;
		};
		19B20B6A2BD7F94E0050BD5E /* Debug */ = {
			isa = XCBuildConfiguration;
			buildSettings = {
				ASSETCATALOG_COMPILER_APPICON_NAME = AppIcon;
				ASSETCATALOG_COMPILER_GLOBAL_ACCENT_COLOR_NAME = AccentColor;
				CODE_SIGN_STYLE = Automatic;
				CURRENT_PROJECT_VERSION = 1;
				DEVELOPMENT_ASSET_PATHS = "\"BMI Calculator/Preview Content\"";
				DEVELOPMENT_TEAM = PJ9G7X659W;
				ENABLE_PREVIEWS = YES;
				GENERATE_INFOPLIST_FILE = YES;
				INFOPLIST_KEY_UIApplicationSceneManifest_Generation = YES;
				INFOPLIST_KEY_UIApplicationSupportsIndirectInputEvents = YES;
				INFOPLIST_KEY_UILaunchScreen_Generation = YES;
				INFOPLIST_KEY_UISupportedInterfaceOrientations_iPad = "UIInterfaceOrientationPortrait UIInterfaceOrientationPortraitUpsideDown UIInterfaceOrientationLandscapeLeft UIInterfaceOrientationLandscapeRight";
				INFOPLIST_KEY_UISupportedInterfaceOrientations_iPhone = "UIInterfaceOrientationPortrait UIInterfaceOrientationLandscapeLeft UIInterfaceOrientationLandscapeRight";
				LD_RUNPATH_SEARCH_PATHS = (
					"$(inherited)",
					"@executable_path/Frameworks",
				);
				MARKETING_VERSION = 1.0;
				PRODUCT_BUNDLE_IDENTIFIER = "krugleshock.BMI-Calculator";
				PRODUCT_NAME = "$(TARGET_NAME)";
				SWIFT_EMIT_LOC_STRINGS = YES;
				SWIFT_VERSION = 5.0;
				TARGETED_DEVICE_FAMILY = "1,2";
			};
			name = Debug;
		};
		19B20B6B2BD7F94E0050BD5E /* Release */ = {
			isa = XCBuildConfiguration;
			buildSettings = {
				ASSETCATALOG_COMPILER_APPICON_NAME = AppIcon;
				ASSETCATALOG_COMPILER_GLOBAL_ACCENT_COLOR_NAME = AccentColor;
				CODE_SIGN_STYLE = Automatic;
				CURRENT_PROJECT_VERSION = 1;
				DEVELOPMENT_ASSET_PATHS = "\"BMI Calculator/Preview Content\"";
				DEVELOPMENT_TEAM = PJ9G7X659W;
				ENABLE_PREVIEWS = YES;
				GENERATE_INFOPLIST_FILE = YES;
				INFOPLIST_KEY_UIApplicationSceneManifest_Generation = YES;
				INFOPLIST_KEY_UIApplicationSupportsIndirectInputEvents = YES;
				INFOPLIST_KEY_UILaunchScreen_Generation = YES;
				INFOPLIST_KEY_UISupportedInterfaceOrientations_iPad = "UIInterfaceOrientationPortrait UIInterfaceOrientationPortraitUpsideDown UIInterfaceOrientationLandscapeLeft UIInterfaceOrientationLandscapeRight";
				INFOPLIST_KEY_UISupportedInterfaceOrientations_iPhone = "UIInterfaceOrientationPortrait UIInterfaceOrientationLandscapeLeft UIInterfaceOrientationLandscapeRight";
				LD_RUNPATH_SEARCH_PATHS = (
					"$(inherited)",
					"@executable_path/Frameworks",
				);
				MARKETING_VERSION = 1.0;
				PRODUCT_BUNDLE_IDENTIFIER = "krugleshock.BMI-Calculator";
				PRODUCT_NAME = "$(TARGET_NAME)";
				SWIFT_EMIT_LOC_STRINGS = YES;
				SWIFT_VERSION = 5.0;
				TARGETED_DEVICE_FAMILY = "1,2";
			};
			name = Release;
		};
/* End XCBuildConfiguration section */

/* Begin XCConfigurationList section */
		19B20B562BD7F94C0050BD5E /* Build configuration list for PBXProject "BMI Calculator" */ = {
			isa = XCConfigurationList;
			buildConfigurations = (
				19B20B672BD7F94E0050BD5E /* Debug */,
				19B20B682BD7F94E0050BD5E /* Release */,
			);
			defaultConfigurationIsVisible = 0;
			defaultConfigurationName = Release;
		};
		19B20B692BD7F94E0050BD5E /* Build configuration list for PBXNativeTarget "BMI Calculator" */ = {
			isa = XCConfigurationList;
			buildConfigurations = (
				19B20B6A2BD7F94E0050BD5E /* Debug */,
				19B20B6B2BD7F94E0050BD5E /* Release */,
			);
			defaultConfigurationIsVisible = 0;
			defaultConfigurationName = Release;
		};
/* End XCConfigurationList section */
	};
	rootObject = 19B20B532BD7F94C0050BD5E /* Project object */;
}
